<?xml version="1.0"?>
<CONFIG>
  <ProjectOptions>
    <Version Value="9"/>
    <General>
      <MainUnit Value="0"/>
      <ResourceType Value="res"/>
      <UseXPManifest Value="True"/>
      <ActiveWindowIndexAtStart Value="0"/>
    </General>
    <i18n>
      <EnableI18N LFM="False"/>
    </i18n>
    <VersionInfo>
      <StringTable ProductVersion=""/>
    </VersionInfo>
    <BuildModes Count="4" Active="Debug Desktop">
      <Item1 Name="Debug Desktop" Default="True"/>
      <Item2 Name="Release Desktop">
        <CompilerOptions>
          <Version Value="9"/>
          <Target>
            <Filename Value="zipit_hud"/>
          </Target>
          <SearchPaths>
            <IncludeFiles Value="$(ProjOutDir)"/>
            <UnitOutputDirectory Value="lib/$(TargetCPU)-$(TargetOS)"/>
          </SearchPaths>
          <CodeGeneration>
            <SmartLinkUnit Value="True"/>
            <SmallerCode Value="True"/>
            <TargetCPU Value="arm"/>
            <TargetOS Value="linux"/>
            <Optimizations>
              <OptimizationLevel Value="2"/>
            </Optimizations>
          </CodeGeneration>
          <Linking>
            <Debugging>
              <UseLineInfoUnit Value="False"/>
              <StripSymbols Value="True"/>
            </Debugging>
            <LinkSmart Value="True"/>
          </Linking>
          <Other>
            <CompilerMessages>
              <UseMsgFile Value="True"/>
            </CompilerMessages>
            <CompilerPath Value="$(CompPath)"/>
          </Other>
        </CompilerOptions>
      </Item2>
      <Item3 Name="Debug Zipit">
        <CompilerOptions>
          <Version Value="9"/>
          <Target>
            <Filename Value="zipit_hud"/>
          </Target>
          <SearchPaths>
            <IncludeFiles Value="$(ProjOutDir)"/>
            <UnitOutputDirectory Value="lib/$(TargetCPU)-$(TargetOS)"/>
          </SearchPaths>
          <CodeGeneration>
            <SmartLinkUnit Value="True"/>
            <TargetCPU Value="arm"/>
            <TargetOS Value="linux"/>
          </CodeGeneration>
          <Linking>
            <LinkSmart Value="True"/>
            <Options>
              <PassLinkerOptions Value="True"/>
              <LinkerOptions Value="-L/home/tristan/lazarus/fpc/libcross"/>
            </Options>
          </Linking>
          <Other>
            <CompilerMessages>
              <UseMsgFile Value="True"/>
            </CompilerMessages>
            <CompilerPath Value="$(CompPath)"/>
          </Other>
        </CompilerOptions>
      </Item3>
      <Item4 Name="Release Zipit">
        <CompilerOptions>
          <Version Value="9"/>
          <Target>
            <Filename Value="zipit_hud"/>
          </Target>
          <SearchPaths>
            <IncludeFiles Value="$(ProjOutDir)"/>
            <UnitOutputDirectory Value="lib/$(TargetCPU)-$(TargetOS)"/>
          </SearchPaths>
          <CodeGeneration>
            <SmartLinkUnit Value="True"/>
            <TargetCPU Value="arm"/>
            <TargetOS Value="linux"/>
            <Optimizations>
              <OptimizationLevel Value="2"/>
            </Optimizations>
          </CodeGeneration>
          <Linking>
            <Debugging>
              <UseLineInfoUnit Value="False"/>
              <StripSymbols Value="True"/>
            </Debugging>
            <LinkSmart Value="True"/>
            <Options>
              <PassLinkerOptions Value="True"/>
              <LinkerOptions Value="-L/home/tristan/lazarus/fpc/libcross"/>
            </Options>
          </Linking>
          <Other>
            <CompilerMessages>
              <UseMsgFile Value="True"/>
            </CompilerMessages>
            <CompilerPath Value="$(CompPath)"/>
          </Other>
        </CompilerOptions>
      </Item4>
    </BuildModes>
    <PublishOptions>
      <Version Value="2"/>
      <IncludeFileFilter Value="*.(pas|pp|inc|lfm|lpr|lrs|lpi|lpk|sh|xml)"/>
      <ExcludeFileFilter Value="*.(bak|ppu|o|so);*~;backup"/>
    </PublishOptions>
    <RunParams>
      <local>
        <FormatVersion Value="1"/>
        <LaunchingApplication PathPlusParams="/usr/bin/xterm -T 'Lazarus Run Output' -e $(LazarusDir)/tools/runwait.sh $(TargetCmdLine)"/>
      </local>
    </RunParams>
    <RequiredPackages Count="1">
      <Item1>
        <PackageName Value="LCL"/>
      </Item1>
    </RequiredPackages>
    <Units Count="6">
      <Unit0>
        <Filename Value="zipit_hud.lpr"/>
        <IsPartOfProject Value="True"/>
        <UnitName Value="zipit_hud"/>
        <WindowIndex Value="0"/>
        <TopLine Value="1"/>
        <CursorPos X="17" Y="1"/>
        <UsageCount Value="24"/>
      </Unit0>
      <Unit1>
        <Filename Value="main.pas"/>
        <IsPartOfProject Value="True"/>
        <ComponentName Value="frmMain"/>
        <ResourceBaseClass Value="Form"/>
        <UnitName Value="main"/>
        <IsVisibleTab Value="True"/>
        <EditorIndex Value="0"/>
        <WindowIndex Value="0"/>
        <TopLine Value="83"/>
        <CursorPos X="71" Y="102"/>
        <UsageCount Value="24"/>
        <Loaded Value="True"/>
        <LoadedDesigner Value="True"/>
      </Unit1>
      <Unit2>
        <Filename Value="../hgdc-x/main.pas"/>
        <ComponentName Value="frmMain"/>
        <HasResources Value="True"/>
        <ResourceBaseClass Value="Form"/>
        <UnitName Value="Main"/>
        <EditorIndex Value="4"/>
        <WindowIndex Value="0"/>
        <TopLine Value="438"/>
        <CursorPos X="1" Y="455"/>
        <UsageCount Value="11"/>
        <Loaded Value="True"/>
      </Unit2>
      <Unit3>
        <Filename Value="../hgdc-x/hgdclient.pas"/>
        <IsPartOfProject Value="True"/>
        <UnitName Value="HGDClient"/>
        <EditorIndex Value="2"/>
        <WindowIndex Value="0"/>
        <TopLine Value="669"/>
        <CursorPos X="43" Y="741"/>
        <UsageCount Value="23"/>
        <Loaded Value="True"/>
      </Unit3>
      <Unit4>
        <Filename Value="../hgdc-x/lastfm.pas"/>
        <IsPartOfProject Value="True"/>
        <UnitName Value="LastFM"/>
        <EditorIndex Value="3"/>
        <WindowIndex Value="0"/>
        <TopLine Value="31"/>
        <CursorPos X="66" Y="19"/>
        <UsageCount Value="23"/>
        <Loaded Value="True"/>
      </Unit4>
      <Unit5>
        <Filename Value="/usr/share/fpcsrc/2.6.0/rtl/objpas/classes/classesh.inc"/>
        <EditorIndex Value="1"/>
        <WindowIndex Value="0"/>
        <TopLine Value="87"/>
        <CursorPos X="44" Y="103"/>
        <UsageCount Value="11"/>
        <Loaded Value="True"/>
        <DefaultSyntaxHighlighter Value="Delphi"/>
      </Unit5>
    </Units>
    <JumpHistory Count="30" HistoryIndex="29">
      <Position1>
        <Filename Value="../hgdc-x/main.pas"/>
        <Caret Line="129" Column="7" TopLine="103"/>
      </Position1>
      <Position2>
        <Filename Value="../hgdc-x/main.pas"/>
        <Caret Line="130" Column="7" TopLine="104"/>
      </Position2>
      <Position3>
        <Filename Value="../hgdc-x/main.pas"/>
        <Caret Line="182" Column="7" TopLine="156"/>
      </Position3>
      <Position4>
        <Filename Value="../hgdc-x/main.pas"/>
        <Caret Line="200" Column="7" TopLine="174"/>
      </Position4>
      <Position5>
        <Filename Value="../hgdc-x/main.pas"/>
        <Caret Line="201" Column="7" TopLine="175"/>
      </Position5>
      <Position6>
        <Filename Value="../hgdc-x/main.pas"/>
        <Caret Line="297" Column="7" TopLine="271"/>
      </Position6>
      <Position7>
        <Filename Value="main.pas"/>
        <Caret Line="265" Column="1" TopLine="234"/>
      </Position7>
      <Position8>
        <Filename Value="main.pas"/>
        <Caret Line="267" Column="1" TopLine="236"/>
      </Position8>
      <Position9>
        <Filename Value="main.pas"/>
        <Caret Line="202" Column="1" TopLine="88"/>
      </Position9>
      <Position10>
        <Filename Value="main.pas"/>
        <Caret Line="118" Column="18" TopLine="102"/>
      </Position10>
      <Position11>
        <Filename Value="main.pas"/>
        <Caret Line="119" Column="18" TopLine="103"/>
      </Position11>
      <Position12>
        <Filename Value="main.pas"/>
        <Caret Line="125" Column="1" TopLine="110"/>
      </Position12>
      <Position13>
        <Filename Value="main.pas"/>
        <Caret Line="150" Column="16" TopLine="134"/>
      </Position13>
      <Position14>
        <Filename Value="main.pas"/>
        <Caret Line="146" Column="47" TopLine="135"/>
      </Position14>
      <Position15>
        <Filename Value="main.pas"/>
        <Caret Line="157" Column="37" TopLine="141"/>
      </Position15>
      <Position16>
        <Filename Value="main.pas"/>
        <Caret Line="98" Column="36" TopLine="80"/>
      </Position16>
      <Position17>
        <Filename Value="main.pas"/>
        <Caret Line="101" Column="3" TopLine="91"/>
      </Position17>
      <Position18>
        <Filename Value="main.pas"/>
        <Caret Line="178" Column="34" TopLine="162"/>
      </Position18>
      <Position19>
        <Filename Value="main.pas"/>
        <Caret Line="69" Column="28" TopLine="45"/>
      </Position19>
      <Position20>
        <Filename Value="main.pas"/>
        <Caret Line="196" Column="39" TopLine="181"/>
      </Position20>
      <Position21>
        <Filename Value="main.pas"/>
        <Caret Line="139" Column="4" TopLine="124"/>
      </Position21>
      <Position22>
        <Filename Value="main.pas"/>
        <Caret Line="30" Column="10" TopLine="14"/>
      </Position22>
      <Position23>
        <Filename Value="main.pas"/>
        <Caret Line="136" Column="3" TopLine="114"/>
      </Position23>
      <Position24>
        <Filename Value="main.pas"/>
        <Caret Line="155" Column="41" TopLine="131"/>
      </Position24>
      <Position25>
        <Filename Value="main.pas"/>
        <Caret Line="116" Column="1" TopLine="102"/>
      </Position25>
      <Position26>
        <Filename Value="main.pas"/>
        <Caret Line="115" Column="1" TopLine="101"/>
      </Position26>
      <Position27>
        <Filename Value="main.pas"/>
        <Caret Line="207" Column="43" TopLine="190"/>
      </Position27>
      <Position28>
        <Filename Value="main.pas"/>
        <Caret Line="121" Column="22" TopLine="105"/>
      </Position28>
      <Position29>
        <Filename Value="main.pas"/>
        <Caret Line="122" Column="22" TopLine="106"/>
      </Position29>
      <Position30>
        <Filename Value="main.pas"/>
        <Caret Line="169" Column="41" TopLine="156"/>
      </Position30>
    </JumpHistory>
  </ProjectOptions>
  <CompilerOptions>
    <Version Value="9"/>
    <Target>
      <Filename Value="zipit_hud"/>
    </Target>
    <SearchPaths>
      <IncludeFiles Value="$(ProjOutDir)"/>
      <OtherUnitFiles Value="../hgdc-x;../hgdc-x/libs/synapse"/>
      <UnitOutputDirectory Value="lib/$(TargetCPU)-$(TargetOS)"/>
    </SearchPaths>
    <Linking>
      <Debugging>
        <GenerateDebugInfo Value="True"/>
      </Debugging>
    </Linking>
    <Other>
      <CompilerMessages>
        <UseMsgFile Value="True"/>
      </CompilerMessages>
      <CompilerPath Value="$(CompPath)"/>
    </Other>
  </CompilerOptions>
  <Debugging>
    <Exceptions Count="3">
      <Item1>
        <Name Value="EAbort"/>
      </Item1>
      <Item2>
        <Name Value="ECodetoolError"/>
      </Item2>
      <Item3>
        <Name Value="EFOpenError"/>
      </Item3>
    </Exceptions>
  </Debugging>
</CONFIG>
